// !$*UTF8*$!
{
	archiveVersion = 1;
	classes = {
	};
	objectVersion = 50;
	objects = {

/* Begin PBXBuildFile section */
		D95E969D2458AC2500B6DE5C /* AppDelegate.swift in Sources */ = {isa = PBXBuildFile; fileRef = D95E969C2458AC2500B6DE5C /* AppDelegate.swift */; };
		D95E96A12458AC2500B6DE5C /* CreateMemeVC.swift in Sources */ = {isa = PBXBuildFile; fileRef = D95E96A02458AC2500B6DE5C /* CreateMemeVC.swift */; };
		D95E96A42458AC2500B6DE5C /* Main.storyboard in Resources */ = {isa = PBXBuildFile; fileRef = D95E96A22458AC2500B6DE5C /* Main.storyboard */; };
		D95E96A62458AC2800B6DE5C /* Assets.xcassets in Resources */ = {isa = PBXBuildFile; fileRef = D95E96A52458AC2800B6DE5C /* Assets.xcassets */; };
		D95E96A92458AC2800B6DE5C /* LaunchScreen.storyboard in Resources */ = {isa = PBXBuildFile; fileRef = D95E96A72458AC2800B6DE5C /* LaunchScreen.storyboard */; };
		D95E96B12458DEDC00B6DE5C /* Meme.swift in Sources */ = {isa = PBXBuildFile; fileRef = D95E96B02458DEDC00B6DE5C /* Meme.swift */; };
		D969DACA245AA9B200715E51 /* MemeDetailViewController.swift in Sources */ = {isa = PBXBuildFile; fileRef = D969DAC9245AA9B200715E51 /* MemeDetailViewController.swift */; };
		D97E42522459FB2600586885 /* MemeCollectionViewController.swift in Sources */ = {isa = PBXBuildFile; fileRef = D97E42512459FB2600586885 /* MemeCollectionViewController.swift */; };
		D9E32B4F245A421800CC005F /* SceneDelegate.swift in Sources */ = {isa = PBXBuildFile; fileRef = D9E32B4E245A421800CC005F /* SceneDelegate.swift */; };
		D9EAF5F12459FCF000C6D960 /* MemeTableViewController.swift in Sources */ = {isa = PBXBuildFile; fileRef = D9EAF5F02459FCF000C6D960 /* MemeTableViewController.swift */; };
		D9EAF5F4245A064E00C6D960 /* MemeCollectionViewCell.swift in Sources */ = {isa = PBXBuildFile; fileRef = D9EAF5F3245A064E00C6D960 /* MemeCollectionViewCell.swift */; };
/* End PBXBuildFile section */

/* Begin PBXFileReference section */
		D95E96992458AC2500B6DE5C /* MemeMe-2.0.app */ = {isa = PBXFileReference; explicitFileType = wrapper.application; includeInIndex = 0; path = "MemeMe-2.0.app"; sourceTree = BUILT_PRODUCTS_DIR; };
		D95E969C2458AC2500B6DE5C /* AppDelegate.swift */ = {isa = PBXFileReference; lastKnownFileType = sourcecode.swift; path = AppDelegate.swift; sourceTree = "<group>"; };
		D95E96A02458AC2500B6DE5C /* CreateMemeVC.swift */ = {isa = PBXFileReference; lastKnownFileType = sourcecode.swift; path = CreateMemeVC.swift; sourceTree = "<group>"; };
		D95E96A32458AC2500B6DE5C /* Base */ = {isa = PBXFileReference; lastKnownFileType = file.storyboard; name = Base; path = Base.lproj/Main.storyboard; sourceTree = "<group>"; };
		D95E96A52458AC2800B6DE5C /* Assets.xcassets */ = {isa = PBXFileReference; lastKnownFileType = folder.assetcatalog; path = Assets.xcassets; sourceTree = "<group>"; };
		D95E96A82458AC2800B6DE5C /* Base */ = {isa = PBXFileReference; lastKnownFileType = file.storyboard; name = Base; path = Base.lproj/LaunchScreen.storyboard; sourceTree = "<group>"; };
		D95E96AA2458AC2800B6DE5C /* Info.plist */ = {isa = PBXFileReference; lastKnownFileType = text.plist.xml; path = Info.plist; sourceTree = "<group>"; };
		D95E96B02458DEDC00B6DE5C /* Meme.swift */ = {isa = PBXFileReference; lastKnownFileType = sourcecode.swift; path = Meme.swift; sourceTree = "<group>"; };
		D969DAC9245AA9B200715E51 /* MemeDetailViewController.swift */ = {isa = PBXFileReference; lastKnownFileType = sourcecode.swift; path = MemeDetailViewController.swift; sourceTree = "<group>"; };
		D97E42512459FB2600586885 /* MemeCollectionViewController.swift */ = {isa = PBXFileReference; lastKnownFileType = sourcecode.swift; path = MemeCollectionViewController.swift; sourceTree = "<group>"; };
		D9E32B4E245A421800CC005F /* SceneDelegate.swift */ = {isa = PBXFileReference; fileEncoding = 4; lastKnownFileType = sourcecode.swift; path = SceneDelegate.swift; sourceTree = "<group>"; };
		D9EAF5F02459FCF000C6D960 /* MemeTableViewController.swift */ = {isa = PBXFileReference; lastKnownFileType = sourcecode.swift; path = MemeTableViewController.swift; sourceTree = "<group>"; };
		D9EAF5F3245A064E00C6D960 /* MemeCollectionViewCell.swift */ = {isa = PBXFileReference; lastKnownFileType = sourcecode.swift; path = MemeCollectionViewCell.swift; sourceTree = "<group>"; };
/* End PBXFileReference section */

/* Begin PBXFrameworksBuildPhase section */
		D95E96962458AC2500B6DE5C /* Frameworks */ = {
			isa = PBXFrameworksBuildPhase;
			buildActionMask = 2147483647;
			files = (
			);
			runOnlyForDeploymentPostprocessing = 0;
		};
/* End PBXFrameworksBuildPhase section */

/* Begin PBXGroup section */
		D95E96902458AC2500B6DE5C = {
			isa = PBXGroup;
			children = (
				D95E969B2458AC2500B6DE5C /* MemeMe-2.0 */,
				D95E969A2458AC2500B6DE5C /* Products */,
			);
			sourceTree = "<group>";
		};
		D95E969A2458AC2500B6DE5C /* Products */ = {
			isa = PBXGroup;
			children = (
				D95E96992458AC2500B6DE5C /* MemeMe-2.0.app */,
			);
			name = Products;
			sourceTree = "<group>";
		};
		D95E969B2458AC2500B6DE5C /* MemeMe-2.0 */ = {
			isa = PBXGroup;
			children = (
				D9EAF5F2245A061B00C6D960 /* View */,
				D97E42502459FACF00586885 /* Model */,
				D97E424F2459FAC200586885 /* Controller */,
				D95E969C2458AC2500B6DE5C /* AppDelegate.swift */,
				D9E32B4E245A421800CC005F /* SceneDelegate.swift */,
				D95E96A22458AC2500B6DE5C /* Main.storyboard */,
				D95E96A52458AC2800B6DE5C /* Assets.xcassets */,
				D95E96A72458AC2800B6DE5C /* LaunchScreen.storyboard */,
				D95E96AA2458AC2800B6DE5C /* Info.plist */,
			);
			path = "MemeMe-2.0";
			sourceTree = "<group>";
		};
		D97E424F2459FAC200586885 /* Controller */ = {
			isa = PBXGroup;
			children = (
				D95E96A02458AC2500B6DE5C /* CreateMemeVC.swift */,
				D97E42512459FB2600586885 /* MemeCollectionViewController.swift */,
				D9EAF5F02459FCF000C6D960 /* MemeTableViewController.swift */,
				D969DAC9245AA9B200715E51 /* MemeDetailViewController.swift */,
			);
			path = Controller;
			sourceTree = "<group>";
		};
		D97E42502459FACF00586885 /* Model */ = {
			isa = PBXGroup;
			children = (
				D95E96B02458DEDC00B6DE5C /* Meme.swift */,
			);
			path = Model;
			sourceTree = "<group>";
		};
		D9EAF5F2245A061B00C6D960 /* View */ = {
			isa = PBXGroup;
			children = (
				D9EAF5F3245A064E00C6D960 /* MemeCollectionViewCell.swift */,
			);
			path = View;
			sourceTree = "<group>";
		};
/* End PBXGroup section */

/* Begin PBXNativeTarget section */
		D95E96982458AC2500B6DE5C /* MemeMe-2.0 */ = {
			isa = PBXNativeTarget;
			buildConfigurationList = D95E96AD2458AC2800B6DE5C /* Build configuration list for PBXNativeTarget "MemeMe-2.0" */;
			buildPhases = (
				D95E96952458AC2500B6DE5C /* Sources */,
				D95E96962458AC2500B6DE5C /* Frameworks */,
				D95E96972458AC2500B6DE5C /* Resources */,
			);
			buildRules = (
			);
			dependencies = (
			);
			name = "MemeMe-2.0";
			productName = PickerExperiment;
			productReference = D95E96992458AC2500B6DE5C /* MemeMe-2.0.app */;
			productType = "com.apple.product-type.application";
		};
/* End PBXNativeTarget section */

/* Begin PBXProject section */
		D95E96912458AC2500B6DE5C /* Project object */ = {
			isa = PBXProject;
			attributes = {
				LastSwiftUpdateCheck = 1140;
				LastUpgradeCheck = 1140;
				ORGANIZATIONNAME = "Mohamed Abdelkhalek Salah";
				TargetAttributes = {
					D95E96982458AC2500B6DE5C = {
						CreatedOnToolsVersion = 11.4;
					};
				};
			};
			buildConfigurationList = D95E96942458AC2500B6DE5C /* Build configuration list for PBXProject "MemeMe-2.0" */;
			compatibilityVersion = "Xcode 9.3";
			developmentRegion = en;
			hasScannedForEncodings = 0;
			knownRegions = (
				en,
				Base,
			);
			mainGroup = D95E96902458AC2500B6DE5C;
			productRefGroup = D95E969A2458AC2500B6DE5C /* Products */;
			projectDirPath = "";
			projectRoot = "";
			targets = (
				D95E96982458AC2500B6DE5C /* MemeMe-2.0 */,
			);
		};
/* End PBXProject section */

/* Begin PBXResourcesBuildPhase section */
		D95E96972458AC2500B6DE5C /* Resources */ = {
			isa = PBXResourcesBuildPhase;
			buildActionMask = 2147483647;
			files = (
				D95E96A92458AC2800B6DE5C /* LaunchScreen.storyboard in Resources */,
				D95E96A62458AC2800B6DE5C /* Assets.xcassets in Resources */,
				D95E96A42458AC2500B6DE5C /* Main.storyboard in Resources */,
			);
			runOnlyForDeploymentPostprocessing = 0;
		};
/* End PBXResourcesBuildPhase section */

/* Begin PBXSourcesBuildPhase section */
		D95E96952458AC2500B6DE5C /* Sources */ = {
			isa = PBXSourcesBuildPhase;
			buildActionMask = 2147483647;
			files = (
				D95E96A12458AC2500B6DE5C /* CreateMemeVC.swift in Sources */,
				D9E32B4F245A421800CC005F /* SceneDelegate.swift in Sources */,
				D95E96B12458DEDC00B6DE5C /* Meme.swift in Sources */,
				D97E42522459FB2600586885 /* MemeCollectionViewController.swift in Sources */,
				D9EAF5F12459FCF000C6D960 /* MemeTableViewController.swift in Sources */,
				D9EAF5F4245A064E00C6D960 /* MemeCollectionViewCell.swift in Sources */,
				D95E969D2458AC2500B6DE5C /* AppDelegate.swift in Sources */,
				D969DACA245AA9B200715E51 /* MemeDetailViewController.swift in Sources */,
			);
			runOnlyForDeploymentPostprocessing = 0;
		};
/* End PBXSourcesBuildPhase section */

/* Begin PBXVariantGroup section */
		D95E96A22458AC2500B6DE5C /* Main.storyboard */ = {
			isa = PBXVariantGroup;
			children = (
				D95E96A32458AC2500B6DE5C /* Base */,
			);
			name = Main.storyboard;
			sourceTree = "<group>";
		};
		D95E96A72458AC2800B6DE5C /* LaunchScreen.storyboard */ = {
			isa = PBXVariantGroup;
			children = (
				D95E96A82458AC2800B6DE5C /* Base */,
			);
			name = LaunchScreen.storyboard;
			sourceTree = "<group>";
		};
/* End PBXVariantGroup section */

/* Begin XCBuildConfiguration section */
		D95E96AB2458AC2800B6DE5C /* Debug */ = {
			isa = XCBuildConfiguration;
			buildSettings = {
				ALWAYS_SEARCH_USER_PATHS = NO;
				CLANG_ANALYZER_NONNULL = YES;
				CLANG_ANALYZER_NUMBER_OBJECT_CONVERSION = YES_AGGRESSIVE;
				CLANG_CXX_LANGUAGE_STANDARD = "gnu++14";
				CLANG_CXX_LIBRARY = "libc++";
				CLANG_ENABLE_MODULES = YES;
				CLANG_ENABLE_OBJC_ARC = YES;
				CLANG_ENABLE_OBJC_WEAK = YES;
				CLANG_WARN_BLOCK_CAPTURE_AUTORELEASING = YES;
				CLANG_WARN_BOOL_CONVERSION = YES;
				CLANG_WARN_COMMA = YES;
				CLANG_WARN_CONSTANT_CONVERSION = YES;
				CLANG_WARN_DEPRECATED_OBJC_IMPLEMENTATIONS = YES;
				CLANG_WARN_DIRECT_OBJC_ISA_USAGE = YES_ERROR;
				CLANG_WARN_DOCUMENTATION_COMMENTS = YES;
				CLANG_WARN_EMPTY_BODY = YES;
				CLANG_WARN_ENUM_CONVERSION = YES;
				CLANG_WARN_INFINITE_RECURSION = YES;
				CLANG_WARN_INT_CONVERSION = YES;
				CLANG_WARN_NON_LITERAL_NULL_CONVERSION = YES;
				CLANG_WARN_OBJC_IMPLICIT_RETAIN_SELF = YES;
				CLANG_WARN_OBJC_LITERAL_CONVERSION = YES;
				CLANG_WARN_OBJC_ROOT_CLASS = YES_ERROR;
				CLANG_WARN_RANGE_LOOP_ANALYSIS = YES;
				CLANG_WARN_STRICT_PROTOTYPES = YES;
				CLANG_WARN_SUSPICIOUS_MOVE = YES;
				CLANG_WARN_UNGUARDED_AVAILABILITY = YES_AGGRESSIVE;
				CLANG_WARN_UNREACHABLE_CODE = YES;
				CLANG_WARN__DUPLICATE_METHOD_MATCH = YES;
				COPY_PHASE_STRIP = NO;
				DEBUG_INFORMATION_FORMAT = dwarf;
				ENABLE_STRICT_OBJC_MSGSEND = YES;
				ENABLE_TESTABILITY = YES;
				GCC_C_LANGUAGE_STANDARD = gnu11;
				GCC_DYNAMIC_NO_PIC = NO;
				GCC_NO_COMMON_BLOCKS = YES;
				GCC_OPTIMIZATION_LEVEL = 0;
				GCC_PREPROCESSOR_DEFINITIONS = (
					"DEBUG=1",
					"$(inherited)",
				);
				GCC_WARN_64_TO_32_BIT_CONVERSION = YES;
				GCC_WARN_ABOUT_RETURN_TYPE = YES_ERROR;
				GCC_WARN_UNDECLARED_SELECTOR = YES;
				GCC_WARN_UNINITIALIZED_AUTOS = YES_AGGRESSIVE;
				GCC_WARN_UNUSED_FUNCTION = YES;
				GCC_WARN_UNUSED_VARIABLE = YES;
				IPHONEOS_DEPLOYMENT_TARGET = 13.4;
				MTL_ENABLE_DEBUG_INFO = INCLUDE_SOURCE;
				MTL_FAST_MATH = YES;
				ONLY_ACTIVE_ARCH = YES;
				SDKROOT = iphoneos;
				SWIFT_ACTIVE_COMPILATION_CONDITIONS = DEBUG;
				SWIFT_OPTIMIZATION_LEVEL = "-Onone";
			};
			name = Debug;
		};
		D95E96AC2458AC2800B6DE5C /* Release */ = {
			isa = XCBuildConfiguration;
			buildSettings = {
				ALWAYS_SEARCH_USER_PATHS = NO;
				CLANG_ANALYZER_NONNULL = YES;
				CLANG_ANALYZER_NUMBER_OBJECT_CONVERSION = YES_AGGRESSIVE;
				CLANG_CXX_LANGUAGE_STANDARD = "gnu++14";
				CLANG_CXX_LIBRARY = "libc++";
				CLANG_ENABLE_MODULES = YES;
				CLANG_ENABLE_OBJC_ARC = YES;
				CLANG_ENABLE_OBJC_WEAK = YES;
				CLANG_WARN_BLOCK_CAPTURE_AUTORELEASING = YES;
				CLANG_WARN_BOOL_CONVERSION = YES;
				CLANG_WARN_COMMA = YES;
				CLANG_WARN_CONSTANT_CONVERSION = YES;
				CLANG_WARN_DEPRECATED_OBJC_IMPLEMENTATIONS = YES;
				CLANG_WARN_DIRECT_OBJC_ISA_USAGE = YES_ERROR;
				CLANG_WARN_DOCUMENTATION_COMMENTS = YES;
				CLANG_WARN_EMPTY_BODY = YES;
				CLANG_WARN_ENUM_CONVERSION = YES;
				CLANG_WARN_INFINITE_RECURSION = YES;
				CLANG_WARN_INT_CONVERSION = YES;
				CLANG_WARN_NON_LITERAL_NULL_CONVERSION = YES;
				CLANG_WARN_OBJC_IMPLICIT_RETAIN_SELF = YES;
				CLANG_WARN_OBJC_LITERAL_CONVERSION = YES;
				CLANG_WARN_OBJC_ROOT_CLASS = YES_ERROR;
				CLANG_WARN_RANGE_LOOP_ANALYSIS = YES;
				CLANG_WARN_STRICT_PROTOTYPES = YES;
				CLANG_WARN_SUSPICIOUS_MOVE = YES;
				CLANG_WARN_UNGUARDED_AVAILABILITY = YES_AGGRESSIVE;
				CLANG_WARN_UNREACHABLE_CODE = YES;
				CLANG_WARN__DUPLICATE_METHOD_MATCH = YES;
				COPY_PHASE_STRIP = NO;
				DEBUG_INFORMATION_FORMAT = "dwarf-with-dsym";
				ENABLE_NS_ASSERTIONS = NO;
				ENABLE_STRICT_OBJC_MSGSEND = YES;
				GCC_C_LANGUAGE_STANDARD = gnu11;
				GCC_NO_COMMON_BLOCKS = YES;
				GCC_WARN_64_TO_32_BIT_CONVERSION = YES;
				GCC_WARN_ABOUT_RETURN_TYPE = YES_ERROR;
				GCC_WARN_UNDECLARED_SELECTOR = YES;
				GCC_WARN_UNINITIALIZED_AUTOS = YES_AGGRESSIVE;
				GCC_WARN_UNUSED_FUNCTION = YES;
				GCC_WARN_UNUSED_VARIABLE = YES;
				IPHONEOS_DEPLOYMENT_TARGET = 13.4;
				MTL_ENABLE_DEBUG_INFO = NO;
				MTL_FAST_MATH = YES;
				SDKROOT = iphoneos;
				SWIFT_COMPILATION_MODE = wholemodule;
				SWIFT_OPTIMIZATION_LEVEL = "-O";
				VALIDATE_PRODUCT = YES;
			};
			name = Release;
		};
		D95E96AE2458AC2800B6DE5C /* Debug */ = {
			isa = XCBuildConfiguration;
			buildSettings = {
				ASSETCATALOG_COMPILER_APPICON_NAME = AppIcon;
				CODE_SIGN_STYLE = Automatic;
				DEVELOPMENT_TEAM = DA26DVF427;
				INFOPLIST_FILE = "MemeMe-2.0/Info.plist";
				LD_RUNPATH_SEARCH_PATHS = (
					"$(inherited)",
					"@executable_path/Frameworks",
				);
				PRODUCT_BUNDLE_IDENTIFIER = "com.example.MemeMe-2.0";
				PRODUCT_NAME = "$(TARGET_NAME)";
				SWIFT_VERSION = 5.0;
				TARGETED_DEVICE_FAMILY = "1,2";
			};
			name = Debug;
		};
		D95E96AF2458AC2800B6DE5C /* Release */ = {
			isa = XCBuildConfiguration;
			buildSettings = {
				ASSETCATALOG_COMPILER_APPICON_NAME = AppIcon;
				CODE_SIGN_STYLE = Automatic;
				DEVELOPMENT_TEAM = DA26DVF427;
				INFOPLIST_FILE = "MemeMe-2.0/Info.plist";
				LD_RUNPATH_SEARCH_PATHS = (
					"$(inherited)",
					"@executable_path/Frameworks",
				);
				PRODUCT_BUNDLE_IDENTIFIER = "com.example.MemeMe-2.0";
				PRODUCT_NAME = "$(TARGET_NAME)";
				SWIFT_VERSION = 5.0;
				TARGETED_DEVICE_FAMILY = "1,2";
			};
			name = Release;
		};
/* End XCBuildConfiguration section */

/* Begin XCConfigurationList section */
		D95E96942458AC2500B6DE5C /* Build configuration list for PBXProject "MemeMe-2.0" */ = {
			isa = XCConfigurationList;
			buildConfigurations = (
				D95E96AB2458AC2800B6DE5C /* Debug */,
				D95E96AC2458AC2800B6DE5C /* Release */,
			);
			defaultConfigurationIsVisible = 0;
			defaultConfigurationName = Release;
		};
		D95E96AD2458AC2800B6DE5C /* Build configuration list for PBXNativeTarget "MemeMe-2.0" */ = {
			isa = XCConfigurationList;
			buildConfigurations = (
				D95E96AE2458AC2800B6DE5C /* Debug */,
				D95E96AF2458AC2800B6DE5C /* Release */,
			);
			defaultConfigurationIsVisible = 0;
			defaultConfigurationName = Release;
		};
/* End XCConfigurationList section */
	};
	rootObject = D95E96912458AC2500B6DE5C /* Project object */;
}
